
Microsoft Visual Studio Solution File, Format Version 12.00
# Visual Studio Version 17
VisualStudioVersion = 17.0.31903.59
MinimumVisualStudioVersion = 10.0.40219.1
Project("{FAE04EC0-301F-11D3-BF4B-00C04F79EFBC}") = "Sail.Abp.Core", "src\Sail.Abp.Core\Sail.Abp.Core.csproj", "{D20D5615-9158-4F58-B14A-C7E2649184AE}"
EndProject
Global
	GlobalSection(SolutionConfigurationPlatforms) = preSolution
		Debug|Any CPU = Debug|Any CPU
		Release|Any CPU = Release|Any CPU
	EndGlobalSection
	GlobalSection(ProjectConfigurationPlatforms) = postSolution
		{D20D5615-9158-4F58-B14A-C7E2649184AE}.Debug|Any CPU.ActiveCfg = Debug|Any CPU
		{D20D5615-9158-4F58-B14A-C7E2649184AE}.Debug|Any CPU.Build.0 = Debug|Any CPU
		{D20D5615-9158-4F58-B14A-C7E2649184AE}.Release|Any CPU.ActiveCfg = Release|Any CPU
		{D20D5615-9158-4F58-B14A-C7E2649184AE}.Release|Any CPU.Build.0 = Release|Any CPU
	EndGlobalSection
	GlobalSection(SolutionProperties) = preSolution
		HideSolutionNode = FALSE
	EndGlobalSection
EndGlobal
